NeoBundleLock caw.vim ba5d4ccfe10db5989311e7210041744fb2043e83
NeoBundleLock lightline.vim 6034e639e871cb33a436508a6c6ccbe3e236de4c
NeoBundleLock matchtagalways 5781193f4aa93e5510989908bf6cad54101eb46e
NeoBundleLock neobundle.vim c6fa48cd665071b7a4dbf5ab53f48cd5884716ee
NeoBundleLock neocomplete.vim 9617d825c0d4acdb18aec903e9c1c0443058d18b
NeoBundleLock syntastic 6cf4f5ca76059caf229bc32c8e613cb137e0faed
NeoBundleLock vim-autoclose a9a3b7384657bc1f60a963fd6c08c63fc48d61c3
NeoBundleLock vim-quickhl 8f24bf90d746c27349bf8a6244484c0cbfe762eb
NeoBundleLock vimproc 25cb83f24edec4aec1e9f1329302235e7a7a7fe0
